
Microsoft Visual Studio Solution File, Format Version 12.00
# Visual Studio 15
VisualStudioVersion = 15.0.28307.271
MinimumVisualStudioVersion = 10.0.40219.1
Project("{FAE04EC0-301F-11D3-BF4B-00C04F79EFBC}") = "Event-Based-Asynchronous-Pattern", "Event-Based-Asynchronous-Pattern\Event-Based-Asynchronous-Pattern.csproj", "{AA9FA0B8-9106-4B81-BAE6-73D6B9E33F66}"
EndProject
Global
	GlobalSection(SolutionConfigurationPlatforms) = preSolution
		Debug|Any CPU = Debug|Any CPU
		Release|Any CPU = Release|Any CPU
	EndGlobalSection
	GlobalSection(ProjectConfigurationPlatforms) = postSolution
		{AA9FA0B8-9106-4B81-BAE6-73D6B9E33F66}.Debug|Any CPU.ActiveCfg = Debug|Any CPU
		{AA9FA0B8-9106-4B81-BAE6-73D6B9E33F66}.Debug|Any CPU.Build.0 = Debug|Any CPU
		{AA9FA0B8-9106-4B81-BAE6-73D6B9E33F66}.Release|Any CPU.ActiveCfg = Release|Any CPU
		{AA9FA0B8-9106-4B81-BAE6-73D6B9E33F66}.Release|Any CPU.Build.0 = Release|Any CPU
	EndGlobalSection
	GlobalSection(SolutionProperties) = preSolution
		HideSolutionNode = FALSE
	EndGlobalSection
	GlobalSection(ExtensibilityGlobals) = postSolution
		SolutionGuid = {907EB6D0-7C99-4F82-B89B-834AF5D7579F}
	EndGlobalSection
EndGlobal
